{
  "name": "microgateway",
  "version": "1.6.7",
  "dependencies": {
    "JSONStream": {
      "version": "1.0.3"
    },
    "accepts": {
      "version": "1.3.4"
    },
    "acorn": {
      "version": "3.3.0"
    },
    "acorn-globals": {
      "version": "3.1.0",
      "dependencies": {
        "acorn": {
          "version": "4.0.13"
        }
      }
    },
    "addressparser": {
      "version": "1.0.1"
    },
    "ajv": {
      "version": "5.3.0"
    },
    "align-text": {
      "version": "0.1.4"
    },
    "amdefine": {
      "version": "1.0.1"
    },
    "anymatch": {
      "version": "1.3.2"
    },
    "apiconnect-cli-logger": {
      "version": "1.2.12"
    },
    "apiconnect-config": {
      "version": "1.2.6"
    },
    "apiconnect-project": {
      "version": "1.0.16"
    },
    "append-field": {
      "version": "0.1.0"
    },
    "argparse": {
      "version": "1.0.9"
    },
    "arr-diff": {
      "version": "2.0.0"
    },
    "arr-flatten": {
      "version": "1.1.0"
    },
    "array-flatten": {
      "version": "1.1.1"
    },
    "array-unique": {
      "version": "0.2.1"
    },
    "asap": {
      "version": "2.0.6"
    },
    "asn1": {
      "version": "0.2.3"
    },
    "assert-plus": {
      "version": "1.0.0"
    },
    "async": {
      "version": "1.5.2"
    },
    "async-each": {
      "version": "1.0.1"
    },
    "async-listener": {
      "version": "0.6.8",
      "dependencies": {
        "semver": {
          "version": "5.4.1"
        }
      }
    },
    "asynckit": {
      "version": "0.4.0"
    },
    "auth-header": {
      "version": "0.2.2",
      "dependencies": {
        "lodash": {
          "version": "2.4.2"
        }
      }
    },
    "aws-sign2": {
      "version": "0.7.0"
    },
    "aws4": {
      "version": "1.6.0"
    },
    "babel-runtime": {
      "version": "6.26.0"
    },
    "backoff": {
      "version": "2.5.0"
    },
    "balanced-match": {
      "version": "1.0.0"
    },
    "base64-js": {
      "version": "0.0.2"
    },
    "base64url": {
      "version": "2.0.0"
    },
    "basic-auth": {
      "version": "1.1.0"
    },
    "bcryptjs": {
      "version": "2.3.0"
    },
    "binary-extensions": {
      "version": "1.10.0"
    },
    "bl": {
      "version": "1.2.1"
    },
    "bluebird": {
      "version": "3.5.1"
    },
    "body-parser": {
      "version": "1.18.2"
    },
    "boom": {
      "version": "4.3.1"
    },
    "bops": {
      "version": "0.0.6"
    },
    "brace-expansion": {
      "version": "1.1.8"
    },
    "braces": {
      "version": "1.8.5"
    },
    "broadway": {
      "version": "0.3.6"
    },
    "btoa": {
      "version": "1.1.2"
    },
    "buffer-equal-constant-time": {
      "version": "1.0.1"
    },
    "buildmail": {
      "version": "4.0.1"
    },
    "bunyan": {
      "version": "1.8.12"
    },
    "busboy": {
      "version": "0.2.14",
      "dependencies": {
        "isarray": {
          "version": "0.0.1"
        },
        "readable-stream": {
          "version": "1.1.14"
        },
        "string_decoder": {
          "version": "0.10.31"
        }
      }
    },
    "byt": {
      "version": "0.1.0"
    },
    "bytes": {
      "version": "3.0.0"
    },
    "camelcase": {
      "version": "1.2.1"
    },
    "canonical-json": {
      "version": "0.0.4"
    },
    "caseless": {
      "version": "0.12.0"
    },
    "center-align": {
      "version": "0.1.3"
    },
    "character-parser": {
      "version": "2.2.0"
    },
    "charenc": {
      "version": "0.0.2"
    },
    "chokidar": {
      "version": "1.7.0"
    },
    "clean-css": {
      "version": "3.4.28",
      "dependencies": {
        "commander": {
          "version": "2.8.1"
        }
      }
    },
    "cliff": {
      "version": "0.1.9",
      "dependencies": {
        "colors": {
          "version": "0.6.2"
        }
      }
    },
    "cliui": {
      "version": "2.1.0",
      "dependencies": {
        "wordwrap": {
          "version": "0.0.2"
        }
      }
    },
    "clone": {
      "version": "1.0.2"
    },
    "co": {
      "version": "4.6.0"
    },
    "colors": {
      "version": "1.1.2"
    },
    "combined-stream": {
      "version": "1.0.5"
    },
    "commander": {
      "version": "2.11.0"
    },
    "commondir": {
      "version": "0.0.1"
    },
    "component-emitter": {
      "version": "1.2.1"
    },
    "compressible": {
      "version": "2.0.12"
    },
    "compression": {
      "version": "1.7.1"
    },
    "concat-map": {
      "version": "0.0.1"
    },
    "concat-stream": {
      "version": "1.6.0"
    },
    "connect-redis": {
      "version": "3.3.2",
      "dependencies": {
        "debug": {
          "version": "3.1.0"
        }
      }
    },
    "constantinople": {
      "version": "3.1.0"
    },
    "content-disposition": {
      "version": "0.5.2"
    },
    "content-type": {
      "version": "1.0.4"
    },
    "continuation-local-storage": {
      "version": "3.2.0"
    },
    "cookie": {
      "version": "0.3.1"
    },
    "cookie-parser": {
      "version": "1.4.3"
    },
    "cookie-signature": {
      "version": "1.0.6"
    },
    "cookiejar": {
      "version": "2.1.1"
    },
    "core-js": {
      "version": "2.5.1"
    },
    "core-util-is": {
      "version": "1.0.2"
    },
    "cors": {
      "version": "2.8.4"
    },
    "crc": {
      "version": "3.4.4"
    },
    "cross-spawn": {
      "version": "5.1.0"
    },
    "crypt": {
      "version": "0.0.2"
    },
    "cryptiles": {
      "version": "3.1.2",
      "dependencies": {
        "boom": {
          "version": "5.2.0"
        }
      }
    },
    "csv-parse": {
      "version": "1.3.3"
    },
    "cycle": {
      "version": "1.0.3"
    },
    "dag-map": {
      "version": "1.0.2"
    },
    "dashdash": {
      "version": "1.14.1"
    },
    "debug": {
      "version": "2.6.9"
    },
    "decamelize": {
      "version": "1.2.0"
    },
    "deep-equal": {
      "version": "1.0.1"
    },
    "deep-extend": {
      "version": "0.4.2"
    },
    "delayed-stream": {
      "version": "1.0.0"
    },
    "depd": {
      "version": "1.1.1"
    },
    "destroy": {
      "version": "1.0.4"
    },
    "dicer": {
      "version": "0.2.5",
      "dependencies": {
        "isarray": {
          "version": "0.0.1"
        },
        "readable-stream": {
          "version": "1.1.14"
        },
        "string_decoder": {
          "version": "0.10.31"
        }
      }
    },
    "doctypes": {
      "version": "1.1.0"
    },
    "dom-serializer": {
      "version": "0.1.0",
      "dependencies": {
        "domelementtype": {
          "version": "1.1.3"
        }
      }
    },
    "domelementtype": {
      "version": "1.3.0"
    },
    "domhandler": {
      "version": "2.4.1"
    },
    "domutils": {
      "version": "1.6.2"
    },
    "double-ended-queue": {
      "version": "2.1.0-0"
    },
    "duplex": {
      "version": "1.0.0"
    },
    "duplexer": {
      "version": "0.0.4"
    },
    "ecdsa-sig-formatter": {
      "version": "1.0.9"
    },
    "ee-first": {
      "version": "1.1.1"
    },
    "ejs": {
      "version": "2.5.7"
    },
    "emitter-component": {
      "version": "1.1.1"
    },
    "emitter-listener": {
      "version": "1.0.1",
      "dependencies": {
        "shimmer": {
          "version": "1.0.0"
        }
      }
    },
    "encodeurl": {
      "version": "1.0.1"
    },
    "encoding": {
      "version": "0.1.12"
    },
    "entities": {
      "version": "1.1.1"
    },
    "errorhandler": {
      "version": "1.5.0"
    },
    "escape-html": {
      "version": "1.0.3"
    },
    "esprima": {
      "version": "4.0.0"
    },
    "estraverse": {
      "version": "4.2.0"
    },
    "etag": {
      "version": "1.8.1"
    },
    "event-stream": {
      "version": "0.5.3",
      "dependencies": {
        "optimist": {
          "version": "0.2.8"
        }
      }
    },
    "eventemitter2": {
      "version": "0.4.14"
    },
    "execa": {
      "version": "0.7.0"
    },
    "expand-brackets": {
      "version": "0.1.5"
    },
    "expand-range": {
      "version": "1.8.2"
    },
    "express": {
      "version": "4.16.2",
      "dependencies": {
        "path-to-regexp": {
          "version": "0.1.7"
        },
        "setprototypeof": {
          "version": "1.1.0"
        },
        "statuses": {
          "version": "1.3.1"
        }
      }
    },
    "express-session": {
      "version": "1.15.6"
    },
    "extend": {
      "version": "3.0.1"
    },
    "extglob": {
      "version": "0.3.2"
    },
    "extsprintf": {
      "version": "1.3.0"
    },
    "eyes": {
      "version": "0.1.8"
    },
    "fast-deep-equal": {
      "version": "1.0.0"
    },
    "fast-json-patch": {
      "version": "1.1.8"
    },
    "fast-json-stable-stringify": {
      "version": "2.0.0"
    },
    "filename-regex": {
      "version": "2.0.1"
    },
    "fill-range": {
      "version": "2.2.3"
    },
    "finalhandler": {
      "version": "1.1.0",
      "dependencies": {
        "statuses": {
          "version": "1.3.1"
        }
      }
    },
    "flow-engine": {
      "version": "1.1.2"
    },
    "for-in": {
      "version": "1.0.2"
    },
    "for-own": {
      "version": "0.1.5"
    },
    "forever-agent": {
      "version": "0.6.1"
    },
    "forever-monitor": {
      "version": "1.7.1"
    },
    "form-data": {
      "version": "2.3.1"
    },
    "formidable": {
      "version": "1.1.1"
    },
    "forwarded": {
      "version": "0.1.2"
    },
    "fresh": {
      "version": "0.5.2"
    },
    "fs-extra": {
      "version": "0.30.0"
    },
    "fs.realpath": {
      "version": "1.0.0"
    },
    "function-bind": {
      "version": "1.1.1"
    },
    "g11n-pipeline": {
      "version": "2.0.1"
    },
    "get-stream": {
      "version": "3.0.0"
    },
    "getpass": {
      "version": "0.1.7"
    },
    "glob": {
      "version": "7.1.2"
    },
    "glob-base": {
      "version": "0.3.0"
    },
    "glob-parent": {
      "version": "2.0.0"
    },
    "graceful-fs": {
      "version": "4.1.11"
    },
    "graceful-readlink": {
      "version": "1.0.1"
    },
    "graphlib": {
      "version": "2.1.1"
    },
    "handlebars": {
      "version": "4.0.11"
    },
    "har-schema": {
      "version": "2.0.0"
    },
    "har-validator": {
      "version": "5.0.3"
    },
    "has": {
      "version": "1.0.1"
    },
    "hawk": {
      "version": "6.0.2"
    },
    "hoek": {
      "version": "4.2.0"
    },
    "htmlparser2": {
      "version": "3.9.2"
    },
    "http-errors": {
      "version": "1.6.2"
    },
    "http-signature": {
      "version": "1.2.0"
    },
    "httpntlm": {
      "version": "1.6.1"
    },
    "httpreq": {
      "version": "0.4.24"
    },
    "i": {
      "version": "0.3.6"
    },
    "iconv-lite": {
      "version": "0.4.19"
    },
    "inflection": {
      "version": "1.12.0"
    },
    "inflight": {
      "version": "1.0.6"
    },
    "inherits": {
      "version": "2.0.3"
    },
    "ini": {
      "version": "1.3.4"
    },
    "invert-kv": {
      "version": "1.0.0"
    },
    "ip": {
      "version": "1.1.5"
    },
    "ipaddr.js": {
      "version": "1.5.2"
    },
    "is-binary-path": {
      "version": "1.0.1"
    },
    "is-buffer": {
      "version": "1.1.6"
    },
    "is-dotfile": {
      "version": "1.0.3"
    },
    "is-equal-shallow": {
      "version": "0.1.3"
    },
    "is-expression": {
      "version": "2.1.0"
    },
    "is-extendable": {
      "version": "0.1.1"
    },
    "is-extglob": {
      "version": "1.0.0"
    },
    "is-glob": {
      "version": "2.0.1"
    },
    "is-invalid-path": {
      "version": "0.1.0"
    },
    "is-number": {
      "version": "2.1.0"
    },
    "is-posix-bracket": {
      "version": "0.1.1"
    },
    "is-primitive": {
      "version": "2.0.0"
    },
    "is-promise": {
      "version": "2.1.0"
    },
    "is-regex": {
      "version": "1.0.4"
    },
    "is-stream": {
      "version": "1.1.0"
    },
    "is-typedarray": {
      "version": "1.0.0"
    },
    "is-valid-path": {
      "version": "0.1.1"
    },
    "isarray": {
      "version": "1.0.0"
    },
    "isemail": {
      "version": "1.2.0"
    },
    "isexe": {
      "version": "2.0.0"
    },
    "isobject": {
      "version": "2.1.0"
    },
    "isomorphic-fetch": {
      "version": "2.2.1"
    },
    "isomorphic-form-data": {
      "version": "0.0.1",
      "dependencies": {
        "async": {
          "version": "2.5.0"
        },
        "form-data": {
          "version": "1.0.1"
        }
      }
    },
    "isstream": {
      "version": "0.1.2"
    },
    "jayson": {
      "version": "1.2.2",
      "dependencies": {
        "commander": {
          "version": "1.3.2"
        },
        "lodash": {
          "version": "3.6.0"
        }
      }
    },
    "js-stringify": {
      "version": "1.0.2"
    },
    "js-yaml": {
      "version": "3.10.0"
    },
    "js2xmlparser": {
      "version": "1.0.0"
    },
    "json-buffer": {
      "version": "2.0.11"
    },
    "json-refs": {
      "version": "2.1.7"
    },
    "json-schema": {
      "version": "0.2.3"
    },
    "json-schema-deref": {
      "version": "0.3.6",
      "dependencies": {
        "async": {
          "version": "2.0.1"
        }
      }
    },
    "json-schema-traverse": {
      "version": "0.3.1"
    },
    "json-stringify-safe": {
      "version": "5.0.1"
    },
    "jsonfile": {
      "version": "2.4.0"
    },
    "jsonparse": {
      "version": "1.0.0"
    },
    "jsonschema": {
      "version": "1.2.0"
    },
    "jsprim": {
      "version": "1.4.1"
    },
    "jstransformer": {
      "version": "1.0.0"
    },
    "jwa": {
      "version": "1.1.5"
    },
    "jws": {
      "version": "3.1.4"
    },
    "keypress": {
      "version": "0.1.0"
    },
    "kind-of": {
      "version": "3.2.2"
    },
    "klaw": {
      "version": "1.3.1"
    },
    "lazy-cache": {
      "version": "1.0.4"
    },
    "lcid": {
      "version": "1.0.0"
    },
    "ldap-filter": {
      "version": "0.2.2",
      "dependencies": {
        "assert-plus": {
          "version": "0.1.5"
        }
      }
    },
    "ldapauth-fork": {
      "version": "2.5.5",
      "dependencies": {
        "lru-cache": {
          "version": "3.2.0"
        }
      }
    },
    "ldapjs": {
      "version": "1.0.1",
      "dependencies": {}
    },
    "libbase64": {
      "version": "0.1.0"
    },
    "libmime": {
      "version": "3.0.0",
      "dependencies": {
        "iconv-lite": {
          "version": "0.4.15"
        }
      }
    },
    "libqp": {
      "version": "1.1.0"
    },
    "limiter": {
      "version": "1.1.2"
    },
    "lodash": {
      "version": "4.17.4"
    },
    "log-rotate": {
      "version": "0.2.7"
    },
    "logrotate-stream": {
      "version": "0.2.5"
    },
    "longest": {
      "version": "1.0.1"
    },
    "loopback": {
      "version": "2.39.0",
      "dependencies": {
        "async": {
          "version": "2.5.0"
        }
      }
    },
    "loopback-boot": {
      "version": "2.27.0",
      "dependencies": {
        "async": {
          "version": "0.9.2"
        },
        "lodash": {
          "version": "3.10.1"
        }
      }
    },
    "loopback-component-explorer": {
      "version": "2.7.0",
      "dependencies": {
        "lodash": {
          "version": "3.10.1"
        }
      }
    },
    "loopback-connector": {
      "version": "2.7.1"
    },
    "loopback-connector-redis": {
      "version": "0.0.3",
      "dependencies": {
        "async": {
          "version": "0.9.2"
        },
        "redis": {
          "version": "0.12.1"
        }
      }
    },
    "loopback-connector-remote": {
      "version": "1.3.3"
    },
    "loopback-context": {
      "version": "1.0.0"
    },
    "loopback-datasource-juggler": {
      "version": "2.55.3",
      "dependencies": {
        "async": {
          "version": "1.0.0"
        }
      }
    },
    "loopback-phase": {
      "version": "1.4.1",
      "dependencies": {
        "async": {
          "version": "0.9.2"
        }
      }
    },
    "loopback-swagger": {
      "version": "2.9.0",
      "dependencies": {
        "lodash": {
          "version": "3.10.1"
        },
        "underscore.string": {
          "version": "2.3.3"
        }
      }
    },
    "lru-cache": {
      "version": "4.1.1"
    },
    "mailcomposer": {
      "version": "4.0.1"
    },
    "md5": {
      "version": "2.2.1"
    },
    "media-typer": {
      "version": "0.3.0"
    },
    "mem": {
      "version": "1.1.0"
    },
    "memory-cache": {
      "version": "0.1.6"
    },
    "merge-descriptors": {
      "version": "1.0.1"
    },
    "methods": {
      "version": "1.1.2"
    },
    "micromatch": {
      "version": "2.3.11"
    },
    "microtime-nodejs": {
      "version": "1.0.0"
    },
    "mime": {
      "version": "1.4.1"
    },
    "mime-db": {
      "version": "1.30.0"
    },
    "mime-types": {
      "version": "2.1.17"
    },
    "mimic-fn": {
      "version": "1.1.0"
    },
    "minimatch": {
      "version": "3.0.4"
    },
    "minimist": {
      "version": "0.0.8"
    },
    "mkdirp": {
      "version": "0.5.1"
    },
    "mktmpdir": {
      "version": "0.1.1",
      "dependencies": {
        "rimraf": {
          "version": "2.2.8"
        }
      }
    },
    "moment": {
      "version": "2.19.1"
    },
    "mpath": {
      "version": "0.2.1"
    },
    "ms": {
      "version": "2.0.0"
    },
    "msgpack-js": {
      "version": "0.3.0"
    },
    "msgpack-stream": {
      "version": "0.0.12",
      "dependencies": {
        "through": {
          "version": "2.3.4"
        }
      }
    },
    "msgpack5": {
      "version": "3.5.1"
    },
    "multer": {
      "version": "1.3.0",
      "dependencies": {
        "object-assign": {
          "version": "3.0.0"
        }
      }
    },
    "mux-demux": {
      "version": "3.7.9",
      "dependencies": {
        "xtend": {
          "version": "1.0.3"
        }
      }
    },
    "mv": {
      "version": "2.1.1"
    },
    "native-promise-only": {
      "version": "0.8.1"
    },
    "nconf": {
      "version": "0.6.9",
      "dependencies": {
        "async": {
          "version": "0.2.9"
        },
        "optimist": {
          "version": "0.6.0"
        }
      }
    },
    "ncp": {
      "version": "2.0.0"
    },
    "negotiator": {
      "version": "0.6.1"
    },
    "node-fetch": {
      "version": "1.7.3"
    },
    "nodemailer": {
      "version": "2.7.2"
    },
    "nodemailer-direct-transport": {
      "version": "3.3.2"
    },
    "nodemailer-fetch": {
      "version": "1.6.0"
    },
    "nodemailer-shared": {
      "version": "1.1.0"
    },
    "nodemailer-smtp-pool": {
      "version": "2.8.2"
    },
    "nodemailer-smtp-transport": {
      "version": "2.7.2"
    },
    "nodemailer-stub-transport": {
      "version": "1.1.0"
    },
    "nodemailer-wellknown": {
      "version": "0.1.10"
    },
    "normalize-path": {
      "version": "2.1.1"
    },
    "npm-run-path": {
      "version": "2.0.2"
    },
    "oauth-sign": {
      "version": "0.8.2"
    },
    "object-assign": {
      "version": "4.1.1"
    },
    "object.omit": {
      "version": "2.0.1"
    },
    "on-finished": {
      "version": "2.3.0"
    },
    "on-headers": {
      "version": "1.0.1"
    },
    "once": {
      "version": "1.4.0"
    },
    "optimist": {
      "version": "0.6.1"
    },
    "optional": {
      "version": "0.1.4"
    },
    "options": {
      "version": "0.0.6"
    },
    "os-homedir": {
      "version": "1.0.2"
    },
    "os-locale": {
      "version": "2.1.0"
    },
    "os-tmpdir": {
      "version": "1.0.2"
    },
    "osenv": {
      "version": "0.1.4"
    },
    "p-finally": {
      "version": "1.0.0"
    },
    "parse-glob": {
      "version": "3.0.4"
    },
    "parseurl": {
      "version": "1.3.2"
    },
    "passport": {
      "version": "0.3.2"
    },
    "passport-http-bearer": {
      "version": "1.0.1"
    },
    "passport-strategy": {
      "version": "1.0.0"
    },
    "path-is-absolute": {
      "version": "1.0.1"
    },
    "path-key": {
      "version": "2.0.1"
    },
    "path-loader": {
      "version": "1.0.4"
    },
    "path-parse": {
      "version": "1.0.5"
    },
    "path-to-regexp": {
      "version": "1.7.0",
      "dependencies": {
        "isarray": {
          "version": "0.0.1"
        }
      }
    },
    "pause": {
      "version": "0.0.1"
    },
    "performance-now": {
      "version": "2.1.0"
    },
    "pkginfo": {
      "version": "0.3.1"
    },
    "posix-getopt": {
      "version": "1.2.0"
    },
    "precond": {
      "version": "0.2.3"
    },
    "preserve": {
      "version": "0.2.0"
    },
    "process-nextick-args": {
      "version": "1.0.7"
    },
    "promise": {
      "version": "7.3.1"
    },
    "proxy-addr": {
      "version": "2.0.2"
    },
    "ps-tree": {
      "version": "0.0.3"
    },
    "pseudomap": {
      "version": "1.0.2"
    },
    "pug": {
      "version": "2.0.0-rc.4"
    },
    "pug-attrs": {
      "version": "2.0.2"
    },
    "pug-code-gen": {
      "version": "2.0.0"
    },
    "pug-error": {
      "version": "1.3.2"
    },
    "pug-filters": {
      "version": "2.1.5"
    },
    "pug-lexer": {
      "version": "3.1.0",
      "dependencies": {
        "acorn": {
          "version": "4.0.13"
        },
        "is-expression": {
          "version": "3.0.0"
        }
      }
    },
    "pug-linker": {
      "version": "3.0.3"
    },
    "pug-load": {
      "version": "2.0.9"
    },
    "pug-parser": {
      "version": "4.0.0"
    },
    "pug-runtime": {
      "version": "2.0.3"
    },
    "pug-strip-comments": {
      "version": "1.0.2"
    },
    "pug-walk": {
      "version": "1.1.5"
    },
    "punycode": {
      "version": "1.4.1"
    },
    "qs": {
      "version": "6.5.1"
    },
    "querystring": {
      "version": "0.2.0"
    },
    "random-bytes": {
      "version": "1.0.0"
    },
    "randomatic": {
      "version": "1.1.7",
      "dependencies": {
        "is-number": {
          "version": "3.0.0",
          "dependencies": {
            "kind-of": {
              "version": "3.2.2"
            }
          }
        },
        "kind-of": {
          "version": "4.0.0"
        }
      }
    },
    "range-parser": {
      "version": "1.2.0"
    },
    "raw-body": {
      "version": "2.3.2"
    },
    "readable-stream": {
      "version": "2.3.3"
    },
    "readdirp": {
      "version": "2.1.0"
    },
    "redis": {
      "version": "2.8.0"
    },
    "redis-commands": {
      "version": "1.3.1"
    },
    "redis-parser": {
      "version": "2.6.0"
    },
    "regenerator-runtime": {
      "version": "0.11.0"
    },
    "regex-cache": {
      "version": "0.4.4"
    },
    "remove-trailing-separator": {
      "version": "1.1.0"
    },
    "repeat-element": {
      "version": "1.1.2"
    },
    "repeat-string": {
      "version": "1.6.1"
    },
    "request": {
      "version": "2.83.0"
    },
    "resolve": {
      "version": "1.5.0"
    },
    "right-align": {
      "version": "0.1.3"
    },
    "rimraf": {
      "version": "2.4.5",
      "dependencies": {
        "glob": {
          "version": "6.0.4"
        }
      }
    },
    "rolling-rate-limiter": {
      "version": "0.1.10"
    },
    "safe-buffer": {
      "version": "5.1.1"
    },
    "sax": {
      "version": "1.2.4"
    },
    "semver": {
      "version": "4.3.6"
    },
    "send": {
      "version": "0.16.1",
      "dependencies": {
        "statuses": {
          "version": "1.3.1"
        }
      }
    },
    "serve-favicon": {
      "version": "2.4.5"
    },
    "serve-static": {
      "version": "1.13.1"
    },
    "set-immediate-shim": {
      "version": "1.0.1"
    },
    "setprototypeof": {
      "version": "1.0.3"
    },
    "shebang-command": {
      "version": "1.2.0"
    },
    "shebang-regex": {
      "version": "1.0.0"
    },
    "shimmer": {
      "version": "1.1.0"
    },
    "shortid": {
      "version": "2.2.8"
    },
    "signal-exit": {
      "version": "3.0.2"
    },
    "slash": {
      "version": "1.0.0"
    },
    "smart-buffer": {
      "version": "1.1.15"
    },
    "smtp-connection": {
      "version": "2.12.0"
    },
    "sntp": {
      "version": "2.1.0"
    },
    "socks": {
      "version": "1.1.9"
    },
    "source-map": {
      "version": "0.4.4"
    },
    "sprintf-js": {
      "version": "1.0.3"
    },
    "sse": {
      "version": "0.0.6"
    },
    "sshpk": {
      "version": "1.13.1"
    },
    "stable": {
      "version": "0.1.6"
    },
    "stack-trace": {
      "version": "0.0.10"
    },
    "statuses": {
      "version": "1.4.0"
    },
    "stream": {
      "version": "0.0.2"
    },
    "stream-combiner": {
      "version": "0.0.2"
    },
    "stream-serializer": {
      "version": "1.1.2"
    },
    "streamsearch": {
      "version": "0.1.2"
    },
    "string_decoder": {
      "version": "1.0.3"
    },
    "stringstream": {
      "version": "0.0.5"
    },
    "strip-eof": {
      "version": "1.0.0"
    },
    "strong-globalize": {
      "version": "2.10.0",
      "dependencies": {
        "debug": {
          "version": "3.1.0"
        },
        "yamljs": {
          "version": "0.3.0"
        }
      }
    },
    "strong-remoting": {
      "version": "2.34.0",
      "dependencies": {
        "async": {
          "version": "2.5.0"
        },
        "eventemitter2": {
          "version": "2.2.2"
        }
      }
    },
    "strong-swagger-ui": {
      "version": "21.0.2"
    },
    "superagent": {
      "version": "3.8.0",
      "dependencies": {
        "debug": {
          "version": "3.1.0"
        }
      }
    },
    "swagger-client": {
      "version": "3.3.0",
      "dependencies": {
        "lodash": {
          "version": "4.16.2"
        }
      }
    },
    "through": {
      "version": "2.3.8"
    },
    "to-utf8": {
      "version": "0.0.1"
    },
    "token-stream": {
      "version": "0.0.1"
    },
    "toposort": {
      "version": "0.2.12"
    },
    "tough-cookie": {
      "version": "2.3.3"
    },
    "traverse": {
      "version": "0.6.6"
    },
    "traverse-async": {
      "version": "0.1.6",
      "dependencies": {
        "async": {
          "version": "0.9.2"
        }
      }
    },
    "tunnel-agent": {
      "version": "0.6.0"
    },
    "type-is": {
      "version": "1.6.15"
    },
    "typedarray": {
      "version": "0.0.6"
    },
    "uglify-js": {
      "version": "2.8.29",
      "dependencies": {
        "source-map": {
          "version": "0.5.7"
        }
      }
    },
    "uid-safe": {
      "version": "2.1.5"
    },
    "uid2": {
      "version": "0.0.3"
    },
    "underscore": {
      "version": "1.7.0"
    },
    "underscore.string": {
      "version": "3.3.4"
    },
    "unpipe": {
      "version": "1.0.0"
    },
    "uri-js": {
      "version": "3.0.2",
      "dependencies": {
        "punycode": {
          "version": "2.1.0"
        }
      }
    },
    "url": {
      "version": "0.11.0",
      "dependencies": {
        "punycode": {
          "version": "1.3.2"
        }
      }
    },
    "util-deprecate": {
      "version": "1.0.2"
    },
    "utile": {
      "version": "0.2.1",
      "dependencies": {
        "async": {
          "version": "0.2.10"
        },
        "ncp": {
          "version": "0.4.2"
        }
      }
    },
    "utils-merge": {
      "version": "1.0.1"
    },
    "uuid": {
      "version": "3.1.0"
    },
    "valid-url": {
      "version": "1.0.9"
    },
    "vary": {
      "version": "1.1.2"
    },
    "vasync": {
      "version": "1.6.4",
      "dependencies": {
        "extsprintf": {
          "version": "1.2.0"
        },
        "verror": {
          "version": "1.6.0"
        }
      }
    },
    "verror": {
      "version": "1.10.0"
    },
    "void-elements": {
      "version": "2.0.1"
    },
    "whatwg-fetch": {
      "version": "2.0.3"
    },
    "which": {
      "version": "1.3.0"
    },
    "window-size": {
      "version": "0.1.0"
    },
    "winston": {
      "version": "0.8.0",
      "dependencies": {
        "async": {
          "version": "0.2.10"
        },
        "colors": {
          "version": "0.6.2"
        }
      }
    },
    "with": {
      "version": "5.1.1"
    },
    "wlpn-password": {
      "version": "1.0.0"
    },
    "word-count": {
      "version": "0.2.2"
    },
    "wordwrap": {
      "version": "0.0.3"
    },
    "wrappy": {
      "version": "1.0.2"
    },
    "xml2js": {
      "version": "0.4.19"
    },
    "xmlbuilder": {
      "version": "9.0.4"
    },
    "xtend": {
      "version": "4.0.1"
    },
    "yallist": {
      "version": "2.1.2"
    },
    "yamljs": {
      "version": "0.2.10"
    },
    "yargs": {
      "version": "3.10.0"
    }
  }
}
